github.com/daved/multimod v1.1.1 h1:RATarFeeqNdb9wRVAuUlIczuXKseQQCHl+mxugWBwZs=
github.com/daved/multimod v1.1.1/go.mod h1:86Mfg8unudJi88Wv1GOU0EDnjlUxjySl2r377bxT5XI=
github.com/daved/multimod/f v0.1.0 h1:qT1KgMOnLuWkdsns8jMuwVOIt2bL+f+AxRpF9daMPrM=
github.com/daved/multimod/f v0.1.0/go.mod h1:OElUrjj7jLV/VVl5iCPY+06Gb6IFeG+YR3Y8Egxnm/I=
