github.com/daved/multimod v1.0.0 h1:0v2JxdeKinnPpo4aMtmtSLXoNGGVBUnzqtC8QiFdRt0=
github.com/daved/multimod v1.0.0/go.mod h1:86Mfg8unudJi88Wv1GOU0EDnjlUxjySl2r377bxT5XI=
github.com/daved/multimod/d v0.1.0 h1:61cBFESlz2fJ/ESYLdXrJSGEAHtJapX5d801cd0m5Og=
github.com/daved/multimod/d v0.1.0/go.mod h1:fjArsNV07MfNTi9GkdB/WdY8UreZnyl8PFGpd1FF5cQ=
